{
  "name": "@qietuzi/node-utils",
  "version": "0.0.1",
  "lockfileVersion": 1,
  "requires": true,
  "dependencies": {
    "@types/node": {
      "version": "16.3.3",
      "resolved": "https://registry.nlark.com/@types/node/download/@types/node-16.3.3.tgz?cache=0&sync_timestamp=1626462182807&other_urls=https%3A%2F%2Fregistry.nlark.com%2F%40types%2Fnode%2Fdownload%2F%40types%2Fnode-16.3.3.tgz",
      "integrity": "sha1-DDCt/ze7vHpQ65tY+uKlBNDYgDg=",
      "dev": true
    }
  }
}
