{
  "name": "@qietuzi/node-utils",
  "version": "0.0.3",
  "lockfileVersion": 3,
  "requires": true,
  "packages": {
    "": {
      "name": "@qietuzi/node-utils",
      "version": "0.0.3",
      "license": "ISC",
      "dependencies": {
        "typescript": "^4.3.5"
      },
      "devDependencies": {
        "@types/node": "^16.18.68"
      }
    },
    "node_modules/@types/node": {
      "version": "16.18.68",
      "resolved": "https://registry.npmmirror.com/@types/node/-/node-16.18.68.tgz",
      "integrity": "sha512-sG3hPIQwJLoewrN7cr0dwEy+yF5nD4D/4FxtQpFciRD/xwUzgD+G05uxZHv5mhfXo4F9Jkp13jjn0CC2q325sg==",
      "dev": true
    },
    "node_modules/typescript": {
      "version": "4.6.2",
      "integrity": "sha512-HM/hFigTBHZhLXshn9sN37H085+hQGeJHJ/X7LpBWLID/fbc2acUMfU+lGD98X81sKP+pFa9f0DZmCwB9GnbAg==",
      "bin": {
        "tsc": "bin/tsc",
        "tsserver": "bin/tsserver"
      },
      "engines": {
        "node": ">=4.2.0"
      }
    }
  }
}
